
Microsoft Visual Studio Solution File, Format Version 12.00
# Visual Studio Version 17
VisualStudioVersion = 17.4.33110.190
MinimumVisualStudioVersion = 10.0.40219.1
Project("{FAE04EC0-301F-11D3-BF4B-00C04F79EFBC}") = "ProgramZmienne", "ProgramZmienne\ProgramZmienne.csproj", "{11E56C8E-B06B-4C25-A140-8DF7BD96D997}"
EndProject
Global
	GlobalSection(SolutionConfigurationPlatforms) = preSolution
		Debug|Any CPU = Debug|Any CPU
		Release|Any CPU = Release|Any CPU
	EndGlobalSection
	GlobalSection(ProjectConfigurationPlatforms) = postSolution
		{11E56C8E-B06B-4C25-A140-8DF7BD96D997}.Debug|Any CPU.ActiveCfg = Debug|Any CPU
		{11E56C8E-B06B-4C25-A140-8DF7BD96D997}.Debug|Any CPU.Build.0 = Debug|Any CPU
		{11E56C8E-B06B-4C25-A140-8DF7BD96D997}.Release|Any CPU.ActiveCfg = Release|Any CPU
		{11E56C8E-B06B-4C25-A140-8DF7BD96D997}.Release|Any CPU.Build.0 = Release|Any CPU
	EndGlobalSection
	GlobalSection(SolutionProperties) = preSolution
		HideSolutionNode = FALSE
	EndGlobalSection
	GlobalSection(ExtensibilityGlobals) = postSolution
		SolutionGuid = {5FA64C3C-85E5-483D-A006-DC38E8E79971}
	EndGlobalSection
EndGlobal
